{
  "name": "ecdh",
  "version": "0.1.1",
  "lockfileVersion": 2,
  "requires": true,
  "packages": {
    "": {
      "version": "0.1.1",
      "license": "MIT",
      "dependencies": {
        "jsbn": "0.1.0"
      }
    },
    "node_modules/jsbn": {
      "version": "0.1.0",
      "resolved": "https://registry.npmjs.org/jsbn/-/jsbn-0.1.0.tgz",
      "integrity": "sha1-ZQmH2g3XT06/WhE3eiqi0nPpff0="
    }
  },
  "dependencies": {
    "jsbn": {
      "version": "0.1.0",
      "resolved": "https://registry.npmjs.org/jsbn/-/jsbn-0.1.0.tgz",
      "integrity": "sha1-ZQmH2g3XT06/WhE3eiqi0nPpff0="
    }
  }
}
